
Microsoft Visual Studio Solution File, Format Version 12.00
# Visual Studio Version 16
VisualStudioVersion = 16.0.32929.386
MinimumVisualStudioVersion = 10.0.40219.1
Project("{8BC9CEB8-8B4A-11D0-8D11-00A0C91BC942}") = "01-面向对象设计案例-立方体案例", "01-面向对象设计案例-立方体案例.vcxproj", "{0016FA22-DFFF-470F-B188-F7D27FAE15DC}"
EndProject
Project("{8BC9CEB8-8B4A-11D0-8D11-00A0C91BC942}") = "02-面向对象设计案例-点和圆的关系", "..\02-面向对象设计案例-点和圆的关系\02-面向对象设计案例-点和圆的关系.vcxproj", "{A760ABD2-0C26-4147-AC74-E9DDB17FBA2D}"
EndProject
Project("{8BC9CEB8-8B4A-11D0-8D11-00A0C91BC942}") = "02-2-(头文件)-面向对象设计案例-点和圆的关系", "..\02-2-(头文件)-面向对象设计案例-点和圆的关系\02-2-(头文件)-面向对象设计案例-点和圆的关系.vcxproj", "{23C3C428-403B-4293-A82D-8DB107B65453}"
EndProject
Project("{8BC9CEB8-8B4A-11D0-8D11-00A0C91BC942}") = "03-初始化和清理", "..\03-初始化和清理\03-初始化和清理.vcxproj", "{A644F1BB-5E71-41A4-936D-5BD71D5C0CDD}"
EndProject
Project("{8BC9CEB8-8B4A-11D0-8D11-00A0C91BC942}") = "04-构造函数的分类及调用", "..\04-构造函数的分类及调用\04-构造函数的分类及调用.vcxproj", "{1B93CEF9-2EFE-4934-A77D-68447A782FD9}"
EndProject
Project("{8BC9CEB8-8B4A-11D0-8D11-00A0C91BC942}") = "05-拷贝构造函数的调用时机", "..\05-拷贝构造函数的调用时机\05-拷贝构造函数的调用时机.vcxproj", "{D99F4F09-7838-4B85-9D4B-BF3334E1D511}"
EndProject
Project("{8BC9CEB8-8B4A-11D0-8D11-00A0C91BC942}") = "06-构造函数的调用规则", "..\06-构造函数的调用规则\06-构造函数的调用规则.vcxproj", "{71490E37-F04B-41F5-BC2E-B1F2164FFC88}"
EndProject
Project("{8BC9CEB8-8B4A-11D0-8D11-00A0C91BC942}") = "07-深拷贝和浅拷贝", "..\07-深拷贝和浅拷贝\07-深拷贝和浅拷贝.vcxproj", "{E3D38297-9EAB-4B9F-9ABA-AA9915BE5DA8}"
EndProject
Project("{8BC9CEB8-8B4A-11D0-8D11-00A0C91BC942}") = "08-初始化列表的基本使用", "..\08-初始化列表的基本使用\08-初始化列表的基本使用.vcxproj", "{5141AA5C-4C4D-4C99-AFEB-DC155708471A}"
EndProject
Project("{8BC9CEB8-8B4A-11D0-8D11-00A0C91BC942}") = "09-类对象作为成员", "..\09-类对象作为成员\09-类对象作为成员.vcxproj", "{C13F7DA0-1CB4-4E39-8BD1-78394666C329}"
EndProject
Project("{8BC9CEB8-8B4A-11D0-8D11-00A0C91BC942}") = "10-explicit关键字", "..\10-explicit关键字\10-explicit关键字.vcxproj", "{5D81A8C2-DFB0-4930-8210-1C4C4DD88BFC}"
EndProject
Project("{8BC9CEB8-8B4A-11D0-8D11-00A0C91BC942}") = "11-new运算符使用", "..\11-new运算符使用\11-new运算符使用.vcxproj", "{5EF77E6E-6547-4775-9CBF-44D645150D55}"
EndProject
Global
	GlobalSection(SolutionConfigurationPlatforms) = preSolution
		Debug|x64 = Debug|x64
		Debug|x86 = Debug|x86
		Release|x64 = Release|x64
		Release|x86 = Release|x86
	EndGlobalSection
	GlobalSection(ProjectConfigurationPlatforms) = postSolution
		{0016FA22-DFFF-470F-B188-F7D27FAE15DC}.Debug|x64.ActiveCfg = Debug|x64
		{0016FA22-DFFF-470F-B188-F7D27FAE15DC}.Debug|x64.Build.0 = Debug|x64
		{0016FA22-DFFF-470F-B188-F7D27FAE15DC}.Debug|x86.ActiveCfg = Debug|Win32
		{0016FA22-DFFF-470F-B188-F7D27FAE15DC}.Debug|x86.Build.0 = Debug|Win32
		{0016FA22-DFFF-470F-B188-F7D27FAE15DC}.Release|x64.ActiveCfg = Release|x64
		{0016FA22-DFFF-470F-B188-F7D27FAE15DC}.Release|x64.Build.0 = Release|x64
		{0016FA22-DFFF-470F-B188-F7D27FAE15DC}.Release|x86.ActiveCfg = Release|Win32
		{0016FA22-DFFF-470F-B188-F7D27FAE15DC}.Release|x86.Build.0 = Release|Win32
		{A760ABD2-0C26-4147-AC74-E9DDB17FBA2D}.Debug|x64.ActiveCfg = Debug|x64
		{A760ABD2-0C26-4147-AC74-E9DDB17FBA2D}.Debug|x64.Build.0 = Debug|x64
		{A760ABD2-0C26-4147-AC74-E9DDB17FBA2D}.Debug|x86.ActiveCfg = Debug|Win32
		{A760ABD2-0C26-4147-AC74-E9DDB17FBA2D}.Debug|x86.Build.0 = Debug|Win32
		{A760ABD2-0C26-4147-AC74-E9DDB17FBA2D}.Release|x64.ActiveCfg = Release|x64
		{A760ABD2-0C26-4147-AC74-E9DDB17FBA2D}.Release|x64.Build.0 = Release|x64
		{A760ABD2-0C26-4147-AC74-E9DDB17FBA2D}.Release|x86.ActiveCfg = Release|Win32
		{A760ABD2-0C26-4147-AC74-E9DDB17FBA2D}.Release|x86.Build.0 = Release|Win32
		{23C3C428-403B-4293-A82D-8DB107B65453}.Debug|x64.ActiveCfg = Debug|x64
		{23C3C428-403B-4293-A82D-8DB107B65453}.Debug|x64.Build.0 = Debug|x64
		{23C3C428-403B-4293-A82D-8DB107B65453}.Debug|x86.ActiveCfg = Debug|Win32
		{23C3C428-403B-4293-A82D-8DB107B65453}.Debug|x86.Build.0 = Debug|Win32
		{23C3C428-403B-4293-A82D-8DB107B65453}.Release|x64.ActiveCfg = Release|x64
		{23C3C428-403B-4293-A82D-8DB107B65453}.Release|x64.Build.0 = Release|x64
		{23C3C428-403B-4293-A82D-8DB107B65453}.Release|x86.ActiveCfg = Release|Win32
		{23C3C428-403B-4293-A82D-8DB107B65453}.Release|x86.Build.0 = Release|Win32
		{A644F1BB-5E71-41A4-936D-5BD71D5C0CDD}.Debug|x64.ActiveCfg = Debug|x64
		{A644F1BB-5E71-41A4-936D-5BD71D5C0CDD}.Debug|x64.Build.0 = Debug|x64
		{A644F1BB-5E71-41A4-936D-5BD71D5C0CDD}.Debug|x86.ActiveCfg = Debug|Win32
		{A644F1BB-5E71-41A4-936D-5BD71D5C0CDD}.Debug|x86.Build.0 = Debug|Win32
		{A644F1BB-5E71-41A4-936D-5BD71D5C0CDD}.Release|x64.ActiveCfg = Release|x64
		{A644F1BB-5E71-41A4-936D-5BD71D5C0CDD}.Release|x64.Build.0 = Release|x64
		{A644F1BB-5E71-41A4-936D-5BD71D5C0CDD}.Release|x86.ActiveCfg = Release|Win32
		{A644F1BB-5E71-41A4-936D-5BD71D5C0CDD}.Release|x86.Build.0 = Release|Win32
		{1B93CEF9-2EFE-4934-A77D-68447A782FD9}.Debug|x64.ActiveCfg = Debug|x64
		{1B93CEF9-2EFE-4934-A77D-68447A782FD9}.Debug|x64.Build.0 = Debug|x64
		{1B93CEF9-2EFE-4934-A77D-68447A782FD9}.Debug|x86.ActiveCfg = Debug|Win32
		{1B93CEF9-2EFE-4934-A77D-68447A782FD9}.Debug|x86.Build.0 = Debug|Win32
		{1B93CEF9-2EFE-4934-A77D-68447A782FD9}.Release|x64.ActiveCfg = Release|x64
		{1B93CEF9-2EFE-4934-A77D-68447A782FD9}.Release|x64.Build.0 = Release|x64
		{1B93CEF9-2EFE-4934-A77D-68447A782FD9}.Release|x86.ActiveCfg = Release|Win32
		{1B93CEF9-2EFE-4934-A77D-68447A782FD9}.Release|x86.Build.0 = Release|Win32
		{D99F4F09-7838-4B85-9D4B-BF3334E1D511}.Debug|x64.ActiveCfg = Debug|x64
		{D99F4F09-7838-4B85-9D4B-BF3334E1D511}.Debug|x64.Build.0 = Debug|x64
		{D99F4F09-7838-4B85-9D4B-BF3334E1D511}.Debug|x86.ActiveCfg = Debug|Win32
		{D99F4F09-7838-4B85-9D4B-BF3334E1D511}.Debug|x86.Build.0 = Debug|Win32
		{D99F4F09-7838-4B85-9D4B-BF3334E1D511}.Release|x64.ActiveCfg = Release|x64
		{D99F4F09-7838-4B85-9D4B-BF3334E1D511}.Release|x64.Build.0 = Release|x64
		{D99F4F09-7838-4B85-9D4B-BF3334E1D511}.Release|x86.ActiveCfg = Release|Win32
		{D99F4F09-7838-4B85-9D4B-BF3334E1D511}.Release|x86.Build.0 = Release|Win32
		{71490E37-F04B-41F5-BC2E-B1F2164FFC88}.Debug|x64.ActiveCfg = Debug|x64
		{71490E37-F04B-41F5-BC2E-B1F2164FFC88}.Debug|x64.Build.0 = Debug|x64
		{71490E37-F04B-41F5-BC2E-B1F2164FFC88}.Debug|x86.ActiveCfg = Debug|Win32
		{71490E37-F04B-41F5-BC2E-B1F2164FFC88}.Debug|x86.Build.0 = Debug|Win32
		{71490E37-F04B-41F5-BC2E-B1F2164FFC88}.Release|x64.ActiveCfg = Release|x64
		{71490E37-F04B-41F5-BC2E-B1F2164FFC88}.Release|x64.Build.0 = Release|x64
		{71490E37-F04B-41F5-BC2E-B1F2164FFC88}.Release|x86.ActiveCfg = Release|Win32
		{71490E37-F04B-41F5-BC2E-B1F2164FFC88}.Release|x86.Build.0 = Release|Win32
		{E3D38297-9EAB-4B9F-9ABA-AA9915BE5DA8}.Debug|x64.ActiveCfg = Debug|x64
		{E3D38297-9EAB-4B9F-9ABA-AA9915BE5DA8}.Debug|x64.Build.0 = Debug|x64
		{E3D38297-9EAB-4B9F-9ABA-AA9915BE5DA8}.Debug|x86.ActiveCfg = Debug|Win32
		{E3D38297-9EAB-4B9F-9ABA-AA9915BE5DA8}.Debug|x86.Build.0 = Debug|Win32
		{E3D38297-9EAB-4B9F-9ABA-AA9915BE5DA8}.Release|x64.ActiveCfg = Release|x64
		{E3D38297-9EAB-4B9F-9ABA-AA9915BE5DA8}.Release|x64.Build.0 = Release|x64
		{E3D38297-9EAB-4B9F-9ABA-AA9915BE5DA8}.Release|x86.ActiveCfg = Release|Win32
		{E3D38297-9EAB-4B9F-9ABA-AA9915BE5DA8}.Release|x86.Build.0 = Release|Win32
		{5141AA5C-4C4D-4C99-AFEB-DC155708471A}.Debug|x64.ActiveCfg = Debug|x64
		{5141AA5C-4C4D-4C99-AFEB-DC155708471A}.Debug|x64.Build.0 = Debug|x64
		{5141AA5C-4C4D-4C99-AFEB-DC155708471A}.Debug|x86.ActiveCfg = Debug|Win32
		{5141AA5C-4C4D-4C99-AFEB-DC155708471A}.Debug|x86.Build.0 = Debug|Win32
		{5141AA5C-4C4D-4C99-AFEB-DC155708471A}.Release|x64.ActiveCfg = Release|x64
		{5141AA5C-4C4D-4C99-AFEB-DC155708471A}.Release|x64.Build.0 = Release|x64
		{5141AA5C-4C4D-4C99-AFEB-DC155708471A}.Release|x86.ActiveCfg = Release|Win32
		{5141AA5C-4C4D-4C99-AFEB-DC155708471A}.Release|x86.Build.0 = Release|Win32
		{C13F7DA0-1CB4-4E39-8BD1-78394666C329}.Debug|x64.ActiveCfg = Debug|x64
		{C13F7DA0-1CB4-4E39-8BD1-78394666C329}.Debug|x64.Build.0 = Debug|x64
		{C13F7DA0-1CB4-4E39-8BD1-78394666C329}.Debug|x86.ActiveCfg = Debug|Win32
		{C13F7DA0-1CB4-4E39-8BD1-78394666C329}.Debug|x86.Build.0 = Debug|Win32
		{C13F7DA0-1CB4-4E39-8BD1-78394666C329}.Release|x64.ActiveCfg = Release|x64
		{C13F7DA0-1CB4-4E39-8BD1-78394666C329}.Release|x64.Build.0 = Release|x64
		{C13F7DA0-1CB4-4E39-8BD1-78394666C329}.Release|x86.ActiveCfg = Release|Win32
		{C13F7DA0-1CB4-4E39-8BD1-78394666C329}.Release|x86.Build.0 = Release|Win32
		{5D81A8C2-DFB0-4930-8210-1C4C4DD88BFC}.Debug|x64.ActiveCfg = Debug|x64
		{5D81A8C2-DFB0-4930-8210-1C4C4DD88BFC}.Debug|x64.Build.0 = Debug|x64
		{5D81A8C2-DFB0-4930-8210-1C4C4DD88BFC}.Debug|x86.ActiveCfg = Debug|Win32
		{5D81A8C2-DFB0-4930-8210-1C4C4DD88BFC}.Debug|x86.Build.0 = Debug|Win32
		{5D81A8C2-DFB0-4930-8210-1C4C4DD88BFC}.Release|x64.ActiveCfg = Release|x64
		{5D81A8C2-DFB0-4930-8210-1C4C4DD88BFC}.Release|x64.Build.0 = Release|x64
		{5D81A8C2-DFB0-4930-8210-1C4C4DD88BFC}.Release|x86.ActiveCfg = Release|Win32
		{5D81A8C2-DFB0-4930-8210-1C4C4DD88BFC}.Release|x86.Build.0 = Release|Win32
		{5EF77E6E-6547-4775-9CBF-44D645150D55}.Debug|x64.ActiveCfg = Debug|x64
		{5EF77E6E-6547-4775-9CBF-44D645150D55}.Debug|x64.Build.0 = Debug|x64
		{5EF77E6E-6547-4775-9CBF-44D645150D55}.Debug|x86.ActiveCfg = Debug|Win32
		{5EF77E6E-6547-4775-9CBF-44D645150D55}.Debug|x86.Build.0 = Debug|Win32
		{5EF77E6E-6547-4775-9CBF-44D645150D55}.Release|x64.ActiveCfg = Release|x64
		{5EF77E6E-6547-4775-9CBF-44D645150D55}.Release|x64.Build.0 = Release|x64
		{5EF77E6E-6547-4775-9CBF-44D645150D55}.Release|x86.ActiveCfg = Release|Win32
		{5EF77E6E-6547-4775-9CBF-44D645150D55}.Release|x86.Build.0 = Release|Win32
	EndGlobalSection
	GlobalSection(SolutionProperties) = preSolution
		HideSolutionNode = FALSE
	EndGlobalSection
	GlobalSection(ExtensibilityGlobals) = postSolution
		SolutionGuid = {578F4C5D-E71A-4091-B508-DDA03D197D46}
	EndGlobalSection
EndGlobal
