
Microsoft Visual Studio Solution File, Format Version 12.00
# Visual Studio Version 16
VisualStudioVersion = 16.0.32929.386
MinimumVisualStudioVersion = 10.0.40219.1
Project("{8BC9CEB8-8B4A-11D0-8D11-00A0C91BC942}") = "01-作业-设计圆类求周长", "01-作业-设计圆类求周长.vcxproj", "{CFD7A820-496D-4962-9A4C-1AB8F2E5482B}"
EndProject
Project("{8BC9CEB8-8B4A-11D0-8D11-00A0C91BC942}") = "02-作业-设计学生类", "..\02-作业-设计学生类\02-作业-设计学生类.vcxproj", "{F72C65BC-FC0B-481F-BE0B-8FA732F4818F}"
EndProject
Global
	GlobalSection(SolutionConfigurationPlatforms) = preSolution
		Debug|x64 = Debug|x64
		Debug|x86 = Debug|x86
		Release|x64 = Release|x64
		Release|x86 = Release|x86
	EndGlobalSection
	GlobalSection(ProjectConfigurationPlatforms) = postSolution
		{CFD7A820-496D-4962-9A4C-1AB8F2E5482B}.Debug|x64.ActiveCfg = Debug|x64
		{CFD7A820-496D-4962-9A4C-1AB8F2E5482B}.Debug|x64.Build.0 = Debug|x64
		{CFD7A820-496D-4962-9A4C-1AB8F2E5482B}.Debug|x86.ActiveCfg = Debug|Win32
		{CFD7A820-496D-4962-9A4C-1AB8F2E5482B}.Debug|x86.Build.0 = Debug|Win32
		{CFD7A820-496D-4962-9A4C-1AB8F2E5482B}.Release|x64.ActiveCfg = Release|x64
		{CFD7A820-496D-4962-9A4C-1AB8F2E5482B}.Release|x64.Build.0 = Release|x64
		{CFD7A820-496D-4962-9A4C-1AB8F2E5482B}.Release|x86.ActiveCfg = Release|Win32
		{CFD7A820-496D-4962-9A4C-1AB8F2E5482B}.Release|x86.Build.0 = Release|Win32
		{F72C65BC-FC0B-481F-BE0B-8FA732F4818F}.Debug|x64.ActiveCfg = Debug|x64
		{F72C65BC-FC0B-481F-BE0B-8FA732F4818F}.Debug|x64.Build.0 = Debug|x64
		{F72C65BC-FC0B-481F-BE0B-8FA732F4818F}.Debug|x86.ActiveCfg = Debug|Win32
		{F72C65BC-FC0B-481F-BE0B-8FA732F4818F}.Debug|x86.Build.0 = Debug|Win32
		{F72C65BC-FC0B-481F-BE0B-8FA732F4818F}.Release|x64.ActiveCfg = Release|x64
		{F72C65BC-FC0B-481F-BE0B-8FA732F4818F}.Release|x64.Build.0 = Release|x64
		{F72C65BC-FC0B-481F-BE0B-8FA732F4818F}.Release|x86.ActiveCfg = Release|Win32
		{F72C65BC-FC0B-481F-BE0B-8FA732F4818F}.Release|x86.Build.0 = Release|Win32
	EndGlobalSection
	GlobalSection(SolutionProperties) = preSolution
		HideSolutionNode = FALSE
	EndGlobalSection
	GlobalSection(ExtensibilityGlobals) = postSolution
		SolutionGuid = {AB2AF38D-0349-4E94-991F-67F4AE1AC315}
	EndGlobalSection
EndGlobal
